# THIS IS AN AUTOGENERATED FILE. DO NOT EDIT THIS FILE DIRECTLY.
# yarn lockfile v1


"@napi-rs/cli@^2.18.2":
  version "2.18.2"
  resolved "https://registry.yarnpkg.com/@napi-rs/cli/-/cli-2.18.2.tgz#0194d7e8f54528c1d5d733ee997ba34b746eae22"
  integrity sha512-IXQji3IF5eStxTHe/PxDSRjPrFymYAQ5FbIvqurxzxyWR8nJql9mtvmCP8y2g8tSoW5xhaToLQW0+mO3lUZq4w==
